
Microsoft Visual Studio Solution File, Format Version 12.00
# Visual Studio Version 17
VisualStudioVersion = 17.9.34723.18
MinimumVisualStudioVersion = 10.0.40219.1
Project("{FAE04EC0-301F-11D3-BF4B-00C04F79EFBC}") = "BlazorLogin.Server", "BlazorLogin.Server\BlazorLogin.Server.csproj", "{7940658F-3945-460C-841B-B48712DF9851}"
EndProject
Project("{FAE04EC0-301F-11D3-BF4B-00C04F79EFBC}") = "BlazorLogin.Client", "BlazorLogin.Client\BlazorLogin.Client.csproj", "{9A9983A8-45A7-4E8F-983C-5009E5D58878}"
EndProject
Project("{FAE04EC0-301F-11D3-BF4B-00C04F79EFBC}") = "BlazorLogin.Shared", "BlazorLogin.Shared\BlazorLogin.Shared.csproj", "{45D02C74-A853-49C5-9F45-892A1DD226A8}"
EndProject
Global
	GlobalSection(SolutionConfigurationPlatforms) = preSolution
		Debug|Any CPU = Debug|Any CPU
		Release|Any CPU = Release|Any CPU
	EndGlobalSection
	GlobalSection(ProjectConfigurationPlatforms) = postSolution
		{7940658F-3945-460C-841B-B48712DF9851}.Debug|Any CPU.ActiveCfg = Debug|Any CPU
		{7940658F-3945-460C-841B-B48712DF9851}.Debug|Any CPU.Build.0 = Debug|Any CPU
		{7940658F-3945-460C-841B-B48712DF9851}.Release|Any CPU.ActiveCfg = Release|Any CPU
		{7940658F-3945-460C-841B-B48712DF9851}.Release|Any CPU.Build.0 = Release|Any CPU
		{9A9983A8-45A7-4E8F-983C-5009E5D58878}.Debug|Any CPU.ActiveCfg = Debug|Any CPU
		{9A9983A8-45A7-4E8F-983C-5009E5D58878}.Debug|Any CPU.Build.0 = Debug|Any CPU
		{9A9983A8-45A7-4E8F-983C-5009E5D58878}.Release|Any CPU.ActiveCfg = Release|Any CPU
		{9A9983A8-45A7-4E8F-983C-5009E5D58878}.Release|Any CPU.Build.0 = Release|Any CPU
		{45D02C74-A853-49C5-9F45-892A1DD226A8}.Debug|Any CPU.ActiveCfg = Debug|Any CPU
		{45D02C74-A853-49C5-9F45-892A1DD226A8}.Debug|Any CPU.Build.0 = Debug|Any CPU
		{45D02C74-A853-49C5-9F45-892A1DD226A8}.Release|Any CPU.ActiveCfg = Release|Any CPU
		{45D02C74-A853-49C5-9F45-892A1DD226A8}.Release|Any CPU.Build.0 = Release|Any CPU
	EndGlobalSection
	GlobalSection(SolutionProperties) = preSolution
		HideSolutionNode = FALSE
	EndGlobalSection
	GlobalSection(ExtensibilityGlobals) = postSolution
		SolutionGuid = {0E78A2D9-C32A-445E-9ED7-DC3FC613B4CB}
	EndGlobalSection
EndGlobal
